// !$*UTF8*$!
{
	archiveVersion = 1;
	classes = {
	};
	objectVersion = 56;
	objects = {

/* Begin PBXBuildFile section */
		529F04732AD97EEE00A826BF /* Player.storyboard in Resources */ = {isa = PBXBuildFile; fileRef = 529F04722AD97EEE00A826BF /* Player.storyboard */; };
		529F04752AD97F0D00A826BF /* PlayerView.swift in Sources */ = {isa = PBXBuildFile; fileRef = 529F04742AD97F0D00A826BF /* PlayerView.swift */; };
		529F04772AD97F3D00A826BF /* PlayerViewController.swift in Sources */ = {isa = PBXBuildFile; fileRef = 529F04762AD97F3D00A826BF /* PlayerViewController.swift */; };
		52C994F52AD6A22A003A774D /* AppDelegate.swift in Sources */ = {isa = PBXBuildFile; fileRef = 52C994F42AD6A22A003A774D /* AppDelegate.swift */; };
		52C994F72AD6A22A003A774D /* SceneDelegate.swift in Sources */ = {isa = PBXBuildFile; fileRef = 52C994F62AD6A22A003A774D /* SceneDelegate.swift */; };
		52C994F92AD6A22A003A774D /* MainMovieViewController.swift in Sources */ = {isa = PBXBuildFile; fileRef = 52C994F82AD6A22A003A774D /* MainMovieViewController.swift */; };
		52C994FC2AD6A22A003A774D /* Main.storyboard in Resources */ = {isa = PBXBuildFile; fileRef = 52C994FA2AD6A22A003A774D /* Main.storyboard */; };
		52C994FE2AD6A22B003A774D /* Assets.xcassets in Resources */ = {isa = PBXBuildFile; fileRef = 52C994FD2AD6A22B003A774D /* Assets.xcassets */; };
		52C995012AD6A22B003A774D /* LaunchScreen.storyboard in Resources */ = {isa = PBXBuildFile; fileRef = 52C994FF2AD6A22B003A774D /* LaunchScreen.storyboard */; };
		52CFCEAC2ADBFE1E00B15FF5 /* MoviesResponse.swift in Sources */ = {isa = PBXBuildFile; fileRef = 52CFCEAB2ADBFE1E00B15FF5 /* MoviesResponse.swift */; };
		52CFCEAE2ADD27A100B15FF5 /* ModelBuilder.swift in Sources */ = {isa = PBXBuildFile; fileRef = 52CFCEAD2ADD27A100B15FF5 /* ModelBuilder.swift */; };
		52CFCEB02ADD2B4200B15FF5 /* DetailMovieViewModel.swift in Sources */ = {isa = PBXBuildFile; fileRef = 52CFCEAF2ADD2B4200B15FF5 /* DetailMovieViewModel.swift */; };
		52CFCEB22ADD2F5100B15FF5 /* Video .swift in Sources */ = {isa = PBXBuildFile; fileRef = 52CFCEB12ADD2F5100B15FF5 /* Video .swift */; };
		52CFCEB42ADD2F7900B15FF5 /* MovieGenre.swift in Sources */ = {isa = PBXBuildFile; fileRef = 52CFCEB32ADD2F7900B15FF5 /* MovieGenre.swift */; };
		52EB7CD32AD6F734005FBC87 /* MovieTableViewCell.swift in Sources */ = {isa = PBXBuildFile; fileRef = 52EB7CD22AD6F734005FBC87 /* MovieTableViewCell.swift */; };
		52EB7CD52AD6FAC5005FBC87 /* MovieViewModel.swift in Sources */ = {isa = PBXBuildFile; fileRef = 52EB7CD42AD6FAC5005FBC87 /* MovieViewModel.swift */; };
		52EB7CD72AD6FB1F005FBC87 /* Movie.swift in Sources */ = {isa = PBXBuildFile; fileRef = 52EB7CD62AD6FB1F005FBC87 /* Movie.swift */; };
		52EB7CD92AD6FBAA005FBC87 /* NetworkService.swift in Sources */ = {isa = PBXBuildFile; fileRef = 52EB7CD82AD6FBAA005FBC87 /* NetworkService.swift */; };
		52EB7CDB2AD7DC2D005FBC87 /* DetailMovieViewController.swift in Sources */ = {isa = PBXBuildFile; fileRef = 52EB7CDA2AD7DC2D005FBC87 /* DetailMovieViewController.swift */; };
		52EB7CDF2AD802F2005FBC87 /* Connectivity.swift in Sources */ = {isa = PBXBuildFile; fileRef = 52EB7CDE2AD802F2005FBC87 /* Connectivity.swift */; };
		52EB7CE12AD80335005FBC87 /* Utils.swift in Sources */ = {isa = PBXBuildFile; fileRef = 52EB7CE02AD80335005FBC87 /* Utils.swift */; };
		52EB7CE42AD8037F005FBC87 /* UrlExtension.swift in Sources */ = {isa = PBXBuildFile; fileRef = 52EB7CE32AD8037F005FBC87 /* UrlExtension.swift */; };
		52EB7CE62AD80488005FBC87 /* MainMovieVCTableViewExtension.swift in Sources */ = {isa = PBXBuildFile; fileRef = 52EB7CE52AD80488005FBC87 /* MainMovieVCTableViewExtension.swift */; };
		8868625CBE51E8438492EF5E /* Pods_MovieList.framework in Frameworks */ = {isa = PBXBuildFile; fileRef = E5591E0DA5A595B004449930 /* Pods_MovieList.framework */; };
/* End PBXBuildFile section */

/* Begin PBXFileReference section */
		529F04722AD97EEE00A826BF /* Player.storyboard */ = {isa = PBXFileReference; fileEncoding = 4; lastKnownFileType = file.storyboard; path = Player.storyboard; sourceTree = "<group>"; };
		529F04742AD97F0D00A826BF /* PlayerView.swift */ = {isa = PBXFileReference; lastKnownFileType = sourcecode.swift; path = PlayerView.swift; sourceTree = "<group>"; };
		529F04762AD97F3D00A826BF /* PlayerViewController.swift */ = {isa = PBXFileReference; lastKnownFileType = sourcecode.swift; path = PlayerViewController.swift; sourceTree = "<group>"; };
		52C994F12AD6A22A003A774D /* MovieList.app */ = {isa = PBXFileReference; explicitFileType = wrapper.application; includeInIndex = 0; path = MovieList.app; sourceTree = BUILT_PRODUCTS_DIR; };
		52C994F42AD6A22A003A774D /* AppDelegate.swift */ = {isa = PBXFileReference; lastKnownFileType = sourcecode.swift; path = AppDelegate.swift; sourceTree = "<group>"; };
		52C994F62AD6A22A003A774D /* SceneDelegate.swift */ = {isa = PBXFileReference; lastKnownFileType = sourcecode.swift; path = SceneDelegate.swift; sourceTree = "<group>"; };
		52C994F82AD6A22A003A774D /* MainMovieViewController.swift */ = {isa = PBXFileReference; lastKnownFileType = sourcecode.swift; path = MainMovieViewController.swift; sourceTree = "<group>"; };
		52C994FB2AD6A22A003A774D /* Base */ = {isa = PBXFileReference; lastKnownFileType = file.storyboard; name = Base; path = Base.lproj/Main.storyboard; sourceTree = "<group>"; };
		52C994FD2AD6A22B003A774D /* Assets.xcassets */ = {isa = PBXFileReference; lastKnownFileType = folder.assetcatalog; path = Assets.xcassets; sourceTree = "<group>"; };
		52C995002AD6A22B003A774D /* Base */ = {isa = PBXFileReference; lastKnownFileType = file.storyboard; name = Base; path = Base.lproj/LaunchScreen.storyboard; sourceTree = "<group>"; };
		52C995022AD6A22B003A774D /* Info.plist */ = {isa = PBXFileReference; lastKnownFileType = text.plist.xml; path = Info.plist; sourceTree = "<group>"; };
		52CFCEAB2ADBFE1E00B15FF5 /* MoviesResponse.swift */ = {isa = PBXFileReference; lastKnownFileType = sourcecode.swift; path = MoviesResponse.swift; sourceTree = "<group>"; };
		52CFCEAD2ADD27A100B15FF5 /* ModelBuilder.swift */ = {isa = PBXFileReference; lastKnownFileType = sourcecode.swift; path = ModelBuilder.swift; sourceTree = "<group>"; };
		52CFCEAF2ADD2B4200B15FF5 /* DetailMovieViewModel.swift */ = {isa = PBXFileReference; lastKnownFileType = sourcecode.swift; path = DetailMovieViewModel.swift; sourceTree = "<group>"; };
		52CFCEB12ADD2F5100B15FF5 /* Video .swift */ = {isa = PBXFileReference; lastKnownFileType = sourcecode.swift; path = "Video .swift"; sourceTree = "<group>"; };
		52CFCEB32ADD2F7900B15FF5 /* MovieGenre.swift */ = {isa = PBXFileReference; lastKnownFileType = sourcecode.swift; path = MovieGenre.swift; sourceTree = "<group>"; };
		52EB7CD22AD6F734005FBC87 /* MovieTableViewCell.swift */ = {isa = PBXFileReference; lastKnownFileType = sourcecode.swift; path = MovieTableViewCell.swift; sourceTree = "<group>"; };
		52EB7CD42AD6FAC5005FBC87 /* MovieViewModel.swift */ = {isa = PBXFileReference; lastKnownFileType = sourcecode.swift; path = MovieViewModel.swift; sourceTree = "<group>"; };
		52EB7CD62AD6FB1F005FBC87 /* Movie.swift */ = {isa = PBXFileReference; lastKnownFileType = sourcecode.swift; path = Movie.swift; sourceTree = "<group>"; };
		52EB7CD82AD6FBAA005FBC87 /* NetworkService.swift */ = {isa = PBXFileReference; lastKnownFileType = sourcecode.swift; path = NetworkService.swift; sourceTree = "<group>"; };
		52EB7CDA2AD7DC2D005FBC87 /* DetailMovieViewController.swift */ = {isa = PBXFileReference; lastKnownFileType = sourcecode.swift; path = DetailMovieViewController.swift; sourceTree = "<group>"; };
		52EB7CDE2AD802F2005FBC87 /* Connectivity.swift */ = {isa = PBXFileReference; lastKnownFileType = sourcecode.swift; path = Connectivity.swift; sourceTree = "<group>"; };
		52EB7CE02AD80335005FBC87 /* Utils.swift */ = {isa = PBXFileReference; lastKnownFileType = sourcecode.swift; path = Utils.swift; sourceTree = "<group>"; };
		52EB7CE32AD8037F005FBC87 /* UrlExtension.swift */ = {isa = PBXFileReference; lastKnownFileType = sourcecode.swift; path = UrlExtension.swift; sourceTree = "<group>"; };
		52EB7CE52AD80488005FBC87 /* MainMovieVCTableViewExtension.swift */ = {isa = PBXFileReference; lastKnownFileType = sourcecode.swift; path = MainMovieVCTableViewExtension.swift; sourceTree = "<group>"; };
		6CC130FCBBFB3F689B895724 /* Pods-MovieList.release.xcconfig */ = {isa = PBXFileReference; includeInIndex = 1; lastKnownFileType = text.xcconfig; name = "Pods-MovieList.release.xcconfig"; path = "Target Support Files/Pods-MovieList/Pods-MovieList.release.xcconfig"; sourceTree = "<group>"; };
		E5591E0DA5A595B004449930 /* Pods_MovieList.framework */ = {isa = PBXFileReference; explicitFileType = wrapper.framework; includeInIndex = 0; path = Pods_MovieList.framework; sourceTree = BUILT_PRODUCTS_DIR; };
		EC8F952214B8713D18BD7B8E /* Pods-MovieList.debug.xcconfig */ = {isa = PBXFileReference; includeInIndex = 1; lastKnownFileType = text.xcconfig; name = "Pods-MovieList.debug.xcconfig"; path = "Target Support Files/Pods-MovieList/Pods-MovieList.debug.xcconfig"; sourceTree = "<group>"; };
/* End PBXFileReference section */

/* Begin PBXFrameworksBuildPhase section */
		52C994EE2AD6A22A003A774D /* Frameworks */ = {
			isa = PBXFrameworksBuildPhase;
			buildActionMask = 2147483647;
			files = (
				8868625CBE51E8438492EF5E /* Pods_MovieList.framework in Frameworks */,
			);
			runOnlyForDeploymentPostprocessing = 0;
		};
/* End PBXFrameworksBuildPhase section */

/* Begin PBXGroup section */
		529F04712AD95A2D00A826BF /* ViewControllers */ = {
			isa = PBXGroup;
			children = (
				52C994F82AD6A22A003A774D /* MainMovieViewController.swift */,
				52EB7CE52AD80488005FBC87 /* MainMovieVCTableViewExtension.swift */,
				52EB7CDA2AD7DC2D005FBC87 /* DetailMovieViewController.swift */,
				529F04762AD97F3D00A826BF /* PlayerViewController.swift */,
			);
			path = ViewControllers;
			sourceTree = "<group>";
		};
		529F04792ADAFEDB00A826BF /* Storyboards */ = {
			isa = PBXGroup;
			children = (
				529F04722AD97EEE00A826BF /* Player.storyboard */,
				52C994FA2AD6A22A003A774D /* Main.storyboard */,
				52C994FF2AD6A22B003A774D /* LaunchScreen.storyboard */,
			);
			path = Storyboards;
			sourceTree = "<group>";
		};
		52C994E82AD6A229003A774D = {
			isa = PBXGroup;
			children = (
				52C994F32AD6A22A003A774D /* MovieList */,
				52C994F22AD6A22A003A774D /* Products */,
				EE685EDC623EA21FE7F80DE5 /* Pods */,
				7E6E00BAD843A6C7BE478B61 /* Frameworks */,
			);
			sourceTree = "<group>";
		};
		52C994F22AD6A22A003A774D /* Products */ = {
			isa = PBXGroup;
			children = (
				52C994F12AD6A22A003A774D /* MovieList.app */,
			);
			name = Products;
			sourceTree = "<group>";
		};
		52C994F32AD6A22A003A774D /* MovieList */ = {
			isa = PBXGroup;
			children = (
				52EB7CCD2AD6EE4F005FBC87 /* MainModule */,
				52C994F42AD6A22A003A774D /* AppDelegate.swift */,
				52C994F62AD6A22A003A774D /* SceneDelegate.swift */,
				529F04792ADAFEDB00A826BF /* Storyboards */,
				52C994FD2AD6A22B003A774D /* Assets.xcassets */,
				52C995022AD6A22B003A774D /* Info.plist */,
			);
			path = MovieList;
			sourceTree = "<group>";
		};
		52EB7CCD2AD6EE4F005FBC87 /* MainModule */ = {
			isa = PBXGroup;
			children = (
				52EB7CE22AD80351005FBC87 /* Extensions */,
				52EB7CDD2AD802E4005FBC87 /* Common */,
				52EB7CDC2AD802B1005FBC87 /* Network */,
				52EB7CCE2AD6EE6E005FBC87 /* Model */,
				52EB7CD02AD6EE83005FBC87 /* ViewModel */,
				529F04712AD95A2D00A826BF /* ViewControllers */,
				52EB7CCF2AD6EE77005FBC87 /* View */,
			);
			path = MainModule;
			sourceTree = "<group>";
		};
		52EB7CCE2AD6EE6E005FBC87 /* Model */ = {
			isa = PBXGroup;
			children = (
				52EB7CD62AD6FB1F005FBC87 /* Movie.swift */,
				52CFCEAB2ADBFE1E00B15FF5 /* MoviesResponse.swift */,
				52CFCEB12ADD2F5100B15FF5 /* Video .swift */,
				52CFCEB32ADD2F7900B15FF5 /* MovieGenre.swift */,
			);
			path = Model;
			sourceTree = "<group>";
		};
		52EB7CCF2AD6EE77005FBC87 /* View */ = {
			isa = PBXGroup;
			children = (
				52EB7CD12AD6F70D005FBC87 /* Cell */,
				529F04742AD97F0D00A826BF /* PlayerView.swift */,
			);
			path = View;
			sourceTree = "<group>";
		};
		52EB7CD02AD6EE83005FBC87 /* ViewModel */ = {
			isa = PBXGroup;
			children = (
				52EB7CD42AD6FAC5005FBC87 /* MovieViewModel.swift */,
				52CFCEAF2ADD2B4200B15FF5 /* DetailMovieViewModel.swift */,
			);
			path = ViewModel;
			sourceTree = "<group>";
		};
		52EB7CD12AD6F70D005FBC87 /* Cell */ = {
			isa = PBXGroup;
			children = (
				52EB7CD22AD6F734005FBC87 /* MovieTableViewCell.swift */,
			);
			path = Cell;
			sourceTree = "<group>";
		};
		52EB7CDC2AD802B1005FBC87 /* Network */ = {
			isa = PBXGroup;
			children = (
				52EB7CD82AD6FBAA005FBC87 /* NetworkService.swift */,
				52EB7CDE2AD802F2005FBC87 /* Connectivity.swift */,
			);
			path = Network;
			sourceTree = "<group>";
		};
		52EB7CDD2AD802E4005FBC87 /* Common */ = {
			isa = PBXGroup;
			children = (
				52EB7CE02AD80335005FBC87 /* Utils.swift */,
				52CFCEAD2ADD27A100B15FF5 /* ModelBuilder.swift */,
			);
			path = Common;
			sourceTree = "<group>";
		};
		52EB7CE22AD80351005FBC87 /* Extensions */ = {
			isa = PBXGroup;
			children = (
				52EB7CE32AD8037F005FBC87 /* UrlExtension.swift */,
			);
			path = Extensions;
			sourceTree = "<group>";
		};
		7E6E00BAD843A6C7BE478B61 /* Frameworks */ = {
			isa = PBXGroup;
			children = (
				E5591E0DA5A595B004449930 /* Pods_MovieList.framework */,
			);
			name = Frameworks;
			sourceTree = "<group>";
		};
		EE685EDC623EA21FE7F80DE5 /* Pods */ = {
			isa = PBXGroup;
			children = (
				EC8F952214B8713D18BD7B8E /* Pods-MovieList.debug.xcconfig */,
				6CC130FCBBFB3F689B895724 /* Pods-MovieList.release.xcconfig */,
			);
			path = Pods;
			sourceTree = "<group>";
		};
/* End PBXGroup section */

/* Begin PBXNativeTarget section */
		52C994F02AD6A22A003A774D /* MovieList */ = {
			isa = PBXNativeTarget;
			buildConfigurationList = 52C995052AD6A22B003A774D /* Build configuration list for PBXNativeTarget "MovieList" */;
			buildPhases = (
				82479AEAEBCC549F1F8C828B /* [CP] Check Pods Manifest.lock */,
				52C994ED2AD6A22A003A774D /* Sources */,
				52C994EE2AD6A22A003A774D /* Frameworks */,
				52C994EF2AD6A22A003A774D /* Resources */,
				94EEBF558E0288F927F1646C /* [CP] Embed Pods Frameworks */,
			);
			buildRules = (
			);
			dependencies = (
			);
			name = MovieList;
			productName = MovieList;
			productReference = 52C994F12AD6A22A003A774D /* MovieList.app */;
			productType = "com.apple.product-type.application";
		};
/* End PBXNativeTarget section */

/* Begin PBXProject section */
		52C994E92AD6A229003A774D /* Project object */ = {
			isa = PBXProject;
			attributes = {
				BuildIndependentTargetsInParallel = 1;
				LastSwiftUpdateCheck = 1500;
				LastUpgradeCheck = 1500;
				TargetAttributes = {
					52C994F02AD6A22A003A774D = {
						CreatedOnToolsVersion = 15.0;
					};
				};
			};
			buildConfigurationList = 52C994EC2AD6A229003A774D /* Build configuration list for PBXProject "MovieList" */;
			compatibilityVersion = "Xcode 14.0";
			developmentRegion = en;
			hasScannedForEncodings = 0;
			knownRegions = (
				en,
				Base,
			);
			mainGroup = 52C994E82AD6A229003A774D;
			productRefGroup = 52C994F22AD6A22A003A774D /* Products */;
			projectDirPath = "";
			projectRoot = "";
			targets = (
				52C994F02AD6A22A003A774D /* MovieList */,
			);
		};
/* End PBXProject section */

/* Begin PBXResourcesBuildPhase section */
		52C994EF2AD6A22A003A774D /* Resources */ = {
			isa = PBXResourcesBuildPhase;
			buildActionMask = 2147483647;
			files = (
				52C995012AD6A22B003A774D /* LaunchScreen.storyboard in Resources */,
				529F04732AD97EEE00A826BF /* Player.storyboard in Resources */,
				52C994FE2AD6A22B003A774D /* Assets.xcassets in Resources */,
				52C994FC2AD6A22A003A774D /* Main.storyboard in Resources */,
			);
			runOnlyForDeploymentPostprocessing = 0;
		};
/* End PBXResourcesBuildPhase section */

/* Begin PBXShellScriptBuildPhase section */
		82479AEAEBCC549F1F8C828B /* [CP] Check Pods Manifest.lock */ = {
			isa = PBXShellScriptBuildPhase;
			buildActionMask = 2147483647;
			files = (
			);
			inputFileListPaths = (
			);
			inputPaths = (
				"${PODS_PODFILE_DIR_PATH}/Podfile.lock",
				"${PODS_ROOT}/Manifest.lock",
			);
			name = "[CP] Check Pods Manifest.lock";
			outputFileListPaths = (
			);
			outputPaths = (
				"$(DERIVED_FILE_DIR)/Pods-MovieList-checkManifestLockResult.txt",
			);
			runOnlyForDeploymentPostprocessing = 0;
			shellPath = /bin/sh;
			shellScript = "diff \"${PODS_PODFILE_DIR_PATH}/Podfile.lock\" \"${PODS_ROOT}/Manifest.lock\" > /dev/null\nif [ $? != 0 ] ; then\n    # print error to STDERR\n    echo \"error: The sandbox is not in sync with the Podfile.lock. Run 'pod install' or update your CocoaPods installation.\" >&2\n    exit 1\nfi\n# This output is used by Xcode 'outputs' to avoid re-running this script phase.\necho \"SUCCESS\" > \"${SCRIPT_OUTPUT_FILE_0}\"\n";
			showEnvVarsInLog = 0;
		};
		94EEBF558E0288F927F1646C /* [CP] Embed Pods Frameworks */ = {
			isa = PBXShellScriptBuildPhase;
			buildActionMask = 2147483647;
			files = (
			);
			inputFileListPaths = (
				"${PODS_ROOT}/Target Support Files/Pods-MovieList/Pods-MovieList-frameworks-${CONFIGURATION}-input-files.xcfilelist",
			);
			name = "[CP] Embed Pods Frameworks";
			outputFileListPaths = (
				"${PODS_ROOT}/Target Support Files/Pods-MovieList/Pods-MovieList-frameworks-${CONFIGURATION}-output-files.xcfilelist",
			);
			runOnlyForDeploymentPostprocessing = 0;
			shellPath = /bin/sh;
			shellScript = "\"${PODS_ROOT}/Target Support Files/Pods-MovieList/Pods-MovieList-frameworks.sh\"\n";
			showEnvVarsInLog = 0;
		};
/* End PBXShellScriptBuildPhase section */

/* Begin PBXSourcesBuildPhase section */
		52C994ED2AD6A22A003A774D /* Sources */ = {
			isa = PBXSourcesBuildPhase;
			buildActionMask = 2147483647;
			files = (
				52C994F92AD6A22A003A774D /* MainMovieViewController.swift in Sources */,
				52EB7CD52AD6FAC5005FBC87 /* MovieViewModel.swift in Sources */,
				52CFCEAC2ADBFE1E00B15FF5 /* MoviesResponse.swift in Sources */,
				52EB7CE62AD80488005FBC87 /* MainMovieVCTableViewExtension.swift in Sources */,
				529F04772AD97F3D00A826BF /* PlayerViewController.swift in Sources */,
				52CFCEB02ADD2B4200B15FF5 /* DetailMovieViewModel.swift in Sources */,
				52CFCEB22ADD2F5100B15FF5 /* Video .swift in Sources */,
				52CFCEAE2ADD27A100B15FF5 /* ModelBuilder.swift in Sources */,
				52EB7CDF2AD802F2005FBC87 /* Connectivity.swift in Sources */,
				52EB7CD72AD6FB1F005FBC87 /* Movie.swift in Sources */,
				52EB7CE42AD8037F005FBC87 /* UrlExtension.swift in Sources */,
				52C994F52AD6A22A003A774D /* AppDelegate.swift in Sources */,
				529F04752AD97F0D00A826BF /* PlayerView.swift in Sources */,
				52CFCEB42ADD2F7900B15FF5 /* MovieGenre.swift in Sources */,
				52EB7CE12AD80335005FBC87 /* Utils.swift in Sources */,
				52EB7CDB2AD7DC2D005FBC87 /* DetailMovieViewController.swift in Sources */,
				52EB7CD32AD6F734005FBC87 /* MovieTableViewCell.swift in Sources */,
				52C994F72AD6A22A003A774D /* SceneDelegate.swift in Sources */,
				52EB7CD92AD6FBAA005FBC87 /* NetworkService.swift in Sources */,
			);
			runOnlyForDeploymentPostprocessing = 0;
		};
/* End PBXSourcesBuildPhase section */

/* Begin PBXVariantGroup section */
		52C994FA2AD6A22A003A774D /* Main.storyboard */ = {
			isa = PBXVariantGroup;
			children = (
				52C994FB2AD6A22A003A774D /* Base */,
			);
			name = Main.storyboard;
			sourceTree = "<group>";
		};
		52C994FF2AD6A22B003A774D /* LaunchScreen.storyboard */ = {
			isa = PBXVariantGroup;
			children = (
				52C995002AD6A22B003A774D /* Base */,
			);
			name = LaunchScreen.storyboard;
			sourceTree = "<group>";
		};
/* End PBXVariantGroup section */

/* Begin XCBuildConfiguration section */
		52C995032AD6A22B003A774D /* Debug */ = {
			isa = XCBuildConfiguration;
			buildSettings = {
				ALWAYS_SEARCH_USER_PATHS = NO;
				ASSETCATALOG_COMPILER_GENERATE_SWIFT_ASSET_SYMBOL_EXTENSIONS = YES;
				CLANG_ANALYZER_NONNULL = YES;
				CLANG_ANALYZER_NUMBER_OBJECT_CONVERSION = YES_AGGRESSIVE;
				CLANG_CXX_LANGUAGE_STANDARD = "gnu++20";
				CLANG_ENABLE_MODULES = YES;
				CLANG_ENABLE_OBJC_ARC = YES;
				CLANG_ENABLE_OBJC_WEAK = YES;
				CLANG_WARN_BLOCK_CAPTURE_AUTORELEASING = YES;
				CLANG_WARN_BOOL_CONVERSION = YES;
				CLANG_WARN_COMMA = YES;
				CLANG_WARN_CONSTANT_CONVERSION = YES;
				CLANG_WARN_DEPRECATED_OBJC_IMPLEMENTATIONS = YES;
				CLANG_WARN_DIRECT_OBJC_ISA_USAGE = YES_ERROR;
				CLANG_WARN_DOCUMENTATION_COMMENTS = YES;
				CLANG_WARN_EMPTY_BODY = YES;
				CLANG_WARN_ENUM_CONVERSION = YES;
				CLANG_WARN_INFINITE_RECURSION = YES;
				CLANG_WARN_INT_CONVERSION = YES;
				CLANG_WARN_NON_LITERAL_NULL_CONVERSION = YES;
				CLANG_WARN_OBJC_IMPLICIT_RETAIN_SELF = YES;
				CLANG_WARN_OBJC_LITERAL_CONVERSION = YES;
				CLANG_WARN_OBJC_ROOT_CLASS = YES_ERROR;
				CLANG_WARN_QUOTED_INCLUDE_IN_FRAMEWORK_HEADER = YES;
				CLANG_WARN_RANGE_LOOP_ANALYSIS = YES;
				CLANG_WARN_STRICT_PROTOTYPES = YES;
				CLANG_WARN_SUSPICIOUS_MOVE = YES;
				CLANG_WARN_UNGUARDED_AVAILABILITY = YES_AGGRESSIVE;
				CLANG_WARN_UNREACHABLE_CODE = YES;
				CLANG_WARN__DUPLICATE_METHOD_MATCH = YES;
				COPY_PHASE_STRIP = NO;
				DEBUG_INFORMATION_FORMAT = dwarf;
				ENABLE_STRICT_OBJC_MSGSEND = YES;
				ENABLE_TESTABILITY = YES;
				ENABLE_USER_SCRIPT_SANDBOXING = NO;
				GCC_C_LANGUAGE_STANDARD = gnu17;
				GCC_DYNAMIC_NO_PIC = NO;
				GCC_NO_COMMON_BLOCKS = YES;
				GCC_OPTIMIZATION_LEVEL = 0;
				GCC_PREPROCESSOR_DEFINITIONS = (
					"DEBUG=1",
					"$(inherited)",
				);
				GCC_WARN_64_TO_32_BIT_CONVERSION = YES;
				GCC_WARN_ABOUT_RETURN_TYPE = YES_ERROR;
				GCC_WARN_UNDECLARED_SELECTOR = YES;
				GCC_WARN_UNINITIALIZED_AUTOS = YES_AGGRESSIVE;
				GCC_WARN_UNUSED_FUNCTION = YES;
				GCC_WARN_UNUSED_VARIABLE = YES;
				IPHONEOS_DEPLOYMENT_TARGET = 15.0;
				LOCALIZATION_PREFERS_STRING_CATALOGS = YES;
				MTL_ENABLE_DEBUG_INFO = INCLUDE_SOURCE;
				MTL_FAST_MATH = YES;
				ONLY_ACTIVE_ARCH = YES;
				SDKROOT = iphoneos;
				SWIFT_ACTIVE_COMPILATION_CONDITIONS = "DEBUG $(inherited)";
				SWIFT_OPTIMIZATION_LEVEL = "-Onone";
			};
			name = Debug;
		};
		52C995042AD6A22B003A774D /* Release */ = {
			isa = XCBuildConfiguration;
			buildSettings = {
				ALWAYS_SEARCH_USER_PATHS = NO;
				ASSETCATALOG_COMPILER_GENERATE_SWIFT_ASSET_SYMBOL_EXTENSIONS = YES;
				CLANG_ANALYZER_NONNULL = YES;
				CLANG_ANALYZER_NUMBER_OBJECT_CONVERSION = YES_AGGRESSIVE;
				CLANG_CXX_LANGUAGE_STANDARD = "gnu++20";
				CLANG_ENABLE_MODULES = YES;
				CLANG_ENABLE_OBJC_ARC = YES;
				CLANG_ENABLE_OBJC_WEAK = YES;
				CLANG_WARN_BLOCK_CAPTURE_AUTORELEASING = YES;
				CLANG_WARN_BOOL_CONVERSION = YES;
				CLANG_WARN_COMMA = YES;
				CLANG_WARN_CONSTANT_CONVERSION = YES;
				CLANG_WARN_DEPRECATED_OBJC_IMPLEMENTATIONS = YES;
				CLANG_WARN_DIRECT_OBJC_ISA_USAGE = YES_ERROR;
				CLANG_WARN_DOCUMENTATION_COMMENTS = YES;
				CLANG_WARN_EMPTY_BODY = YES;
				CLANG_WARN_ENUM_CONVERSION = YES;
				CLANG_WARN_INFINITE_RECURSION = YES;
				CLANG_WARN_INT_CONVERSION = YES;
				CLANG_WARN_NON_LITERAL_NULL_CONVERSION = YES;
				CLANG_WARN_OBJC_IMPLICIT_RETAIN_SELF = YES;
				CLANG_WARN_OBJC_LITERAL_CONVERSION = YES;
				CLANG_WARN_OBJC_ROOT_CLASS = YES_ERROR;
				CLANG_WARN_QUOTED_INCLUDE_IN_FRAMEWORK_HEADER = YES;
				CLANG_WARN_RANGE_LOOP_ANALYSIS = YES;
				CLANG_WARN_STRICT_PROTOTYPES = YES;
				CLANG_WARN_SUSPICIOUS_MOVE = YES;
				CLANG_WARN_UNGUARDED_AVAILABILITY = YES_AGGRESSIVE;
				CLANG_WARN_UNREACHABLE_CODE = YES;
				CLANG_WARN__DUPLICATE_METHOD_MATCH = YES;
				COPY_PHASE_STRIP = NO;
				DEBUG_INFORMATION_FORMAT = "dwarf-with-dsym";
				ENABLE_NS_ASSERTIONS = NO;
				ENABLE_STRICT_OBJC_MSGSEND = YES;
				ENABLE_USER_SCRIPT_SANDBOXING = NO;
				GCC_C_LANGUAGE_STANDARD = gnu17;
				GCC_NO_COMMON_BLOCKS = YES;
				GCC_WARN_64_TO_32_BIT_CONVERSION = YES;
				GCC_WARN_ABOUT_RETURN_TYPE = YES_ERROR;
				GCC_WARN_UNDECLARED_SELECTOR = YES;
				GCC_WARN_UNINITIALIZED_AUTOS = YES_AGGRESSIVE;
				GCC_WARN_UNUSED_FUNCTION = YES;
				GCC_WARN_UNUSED_VARIABLE = YES;
				IPHONEOS_DEPLOYMENT_TARGET = 15.0;
				LOCALIZATION_PREFERS_STRING_CATALOGS = YES;
				MTL_ENABLE_DEBUG_INFO = NO;
				MTL_FAST_MATH = YES;
				SDKROOT = iphoneos;
				SWIFT_COMPILATION_MODE = wholemodule;
				VALIDATE_PRODUCT = YES;
			};
			name = Release;
		};
		52C995062AD6A22B003A774D /* Debug */ = {
			isa = XCBuildConfiguration;
			baseConfigurationReference = EC8F952214B8713D18BD7B8E /* Pods-MovieList.debug.xcconfig */;
			buildSettings = {
				ASSETCATALOG_COMPILER_APPICON_NAME = AppIcon;
				ASSETCATALOG_COMPILER_GLOBAL_ACCENT_COLOR_NAME = AccentColor;
				CODE_SIGN_STYLE = Automatic;
				CURRENT_PROJECT_VERSION = 1;
				DEVELOPMENT_TEAM = D38R8B56PJ;
				GENERATE_INFOPLIST_FILE = YES;
				INFOPLIST_FILE = MovieList/Info.plist;
				INFOPLIST_KEY_UIApplicationSupportsIndirectInputEvents = YES;
				INFOPLIST_KEY_UILaunchStoryboardName = LaunchScreen;
				INFOPLIST_KEY_UIMainStoryboardFile = Main;
				INFOPLIST_KEY_UISupportedInterfaceOrientations_iPad = "UIInterfaceOrientationPortrait UIInterfaceOrientationPortraitUpsideDown UIInterfaceOrientationLandscapeLeft UIInterfaceOrientationLandscapeRight";
				INFOPLIST_KEY_UISupportedInterfaceOrientations_iPhone = "UIInterfaceOrientationPortrait UIInterfaceOrientationLandscapeLeft UIInterfaceOrientationLandscapeRight";
				IPHONEOS_DEPLOYMENT_TARGET = 15.0;
				LD_RUNPATH_SEARCH_PATHS = (
					"$(inherited)",
					"@executable_path/Frameworks",
				);
				MARKETING_VERSION = 1.0;
				PRODUCT_BUNDLE_IDENTIFIER = com.ihor.MovieList;
				PRODUCT_NAME = "$(TARGET_NAME)";
				SWIFT_EMIT_LOC_STRINGS = YES;
				SWIFT_VERSION = 5.0;
				TARGETED_DEVICE_FAMILY = "1,2";
			};
			name = Debug;
		};
		52C995072AD6A22B003A774D /* Release */ = {
			isa = XCBuildConfiguration;
			baseConfigurationReference = 6CC130FCBBFB3F689B895724 /* Pods-MovieList.release.xcconfig */;
			buildSettings = {
				ASSETCATALOG_COMPILER_APPICON_NAME = AppIcon;
				ASSETCATALOG_COMPILER_GLOBAL_ACCENT_COLOR_NAME = AccentColor;
				CODE_SIGN_STYLE = Automatic;
				CURRENT_PROJECT_VERSION = 1;
				DEVELOPMENT_TEAM = D38R8B56PJ;
				GENERATE_INFOPLIST_FILE = YES;
				INFOPLIST_FILE = MovieList/Info.plist;
				INFOPLIST_KEY_UIApplicationSupportsIndirectInputEvents = YES;
				INFOPLIST_KEY_UILaunchStoryboardName = LaunchScreen;
				INFOPLIST_KEY_UIMainStoryboardFile = Main;
				INFOPLIST_KEY_UISupportedInterfaceOrientations_iPad = "UIInterfaceOrientationPortrait UIInterfaceOrientationPortraitUpsideDown UIInterfaceOrientationLandscapeLeft UIInterfaceOrientationLandscapeRight";
				INFOPLIST_KEY_UISupportedInterfaceOrientations_iPhone = "UIInterfaceOrientationPortrait UIInterfaceOrientationLandscapeLeft UIInterfaceOrientationLandscapeRight";
				IPHONEOS_DEPLOYMENT_TARGET = 15.0;
				LD_RUNPATH_SEARCH_PATHS = (
					"$(inherited)",
					"@executable_path/Frameworks",
				);
				MARKETING_VERSION = 1.0;
				PRODUCT_BUNDLE_IDENTIFIER = com.ihor.MovieList;
				PRODUCT_NAME = "$(TARGET_NAME)";
				SWIFT_EMIT_LOC_STRINGS = YES;
				SWIFT_VERSION = 5.0;
				TARGETED_DEVICE_FAMILY = "1,2";
			};
			name = Release;
		};
/* End XCBuildConfiguration section */

/* Begin XCConfigurationList section */
		52C994EC2AD6A229003A774D /* Build configuration list for PBXProject "MovieList" */ = {
			isa = XCConfigurationList;
			buildConfigurations = (
				52C995032AD6A22B003A774D /* Debug */,
				52C995042AD6A22B003A774D /* Release */,
			);
			defaultConfigurationIsVisible = 0;
			defaultConfigurationName = Release;
		};
		52C995052AD6A22B003A774D /* Build configuration list for PBXNativeTarget "MovieList" */ = {
			isa = XCConfigurationList;
			buildConfigurations = (
				52C995062AD6A22B003A774D /* Debug */,
				52C995072AD6A22B003A774D /* Release */,
			);
			defaultConfigurationIsVisible = 0;
			defaultConfigurationName = Release;
		};
/* End XCConfigurationList section */
	};
	rootObject = 52C994E92AD6A229003A774D /* Project object */;
}
