PODS:
  - Alamofire (5.8.0)
  - Cosmos (23.0.0)
  - ESPullToRefresh (2.9.3)
  - SDWebImage (5.18.3):
    - SDWebImage/Core (= 5.18.3)
  - SDWebImage/Core (5.18.3)
  - youtube-ios-player-helper (1.0.4)

DEPENDENCIES:
  - Alamofire
  - Cosmos
  - ESPullToRefresh
  - SDWebImage
  - youtube-ios-player-helper

SPEC REPOS:
  trunk:
    - Alamofire
    - Cosmos
    - ESPullToRefresh
    - SDWebImage
    - youtube-ios-player-helper

SPEC CHECKSUMS:
  Alamofire: 0e92e751b3e9e66d7982db43919d01f313b8eb91
  Cosmos: b5c6a9a637e28a061b54c8f8b1d8529d7d4db73f
  ESPullToRefresh: 0d68daa602b343c81753a1b95e09fd0bfcddfd40
  SDWebImage: 96e0c18ef14010b7485210e92fac888587ebb958
  youtube-ios-player-helper: e9b97535e816db3152179d84d999bc1807ecd689

PODFILE CHECKSUM: 7db6ab4fe119e34b8c088f3e23c92fe4845eabc0

COCOAPODS: 1.13.0
